// !$*UTF8*$!
{
	archiveVersion = 1;
	classes = {
	};
	objectVersion = 46;
	objects = {

/* Begin PBXBuildFile section */
		CC2874951C535C810099CAEE /* main.m in Sources */ = {isa = PBXBuildFile; fileRef = CC2874941C535C810099CAEE /* main.m */; };
		CC28749D1C535C950099CAEE /* Login.m in Sources */ = {isa = PBXBuildFile; fileRef = CC28749C1C535C950099CAEE /* Login.m */; };
		CC2874A01C535CA30099CAEE /* Register.m in Sources */ = {isa = PBXBuildFile; fileRef = CC28749F1C535CA30099CAEE /* Register.m */; };
/* End PBXBuildFile section */

/* Begin PBXCopyFilesBuildPhase section */
		CC28748F1C535C810099CAEE /* CopyFiles */ = {
			isa = PBXCopyFilesBuildPhase;
			buildActionMask = 2147483647;
			dstPath = /usr/share/man/man1/;
			dstSubfolderSpec = 0;
			files = (
			);
			runOnlyForDeploymentPostprocessing = 1;
		};
/* End PBXCopyFilesBuildPhase section */

/* Begin PBXFileReference section */
		CC2874911C535C810099CAEE /* 使用block块完成登陆和注册的回调 */ = {isa = PBXFileReference; explicitFileType = "compiled.mach-o.executable"; includeInIndex = 0; path = "使用block块完成登陆和注册的回调"; sourceTree = BUILT_PRODUCTS_DIR; };
		CC2874941C535C810099CAEE /* main.m */ = {isa = PBXFileReference; lastKnownFileType = sourcecode.c.objc; path = main.m; sourceTree = "<group>"; };
		CC28749B1C535C950099CAEE /* Login.h */ = {isa = PBXFileReference; fileEncoding = 4; lastKnownFileType = sourcecode.c.h; path = Login.h; sourceTree = "<group>"; };
		CC28749C1C535C950099CAEE /* Login.m */ = {isa = PBXFileReference; fileEncoding = 4; lastKnownFileType = sourcecode.c.objc; path = Login.m; sourceTree = "<group>"; };
		CC28749E1C535CA30099CAEE /* Register.h */ = {isa = PBXFileReference; fileEncoding = 4; lastKnownFileType = sourcecode.c.h; path = Register.h; sourceTree = "<group>"; };
		CC28749F1C535CA30099CAEE /* Register.m */ = {isa = PBXFileReference; fileEncoding = 4; lastKnownFileType = sourcecode.c.objc; path = Register.m; sourceTree = "<group>"; };
/* End PBXFileReference section */

/* Begin PBXFrameworksBuildPhase section */
		CC28748E1C535C810099CAEE /* Frameworks */ = {
			isa = PBXFrameworksBuildPhase;
			buildActionMask = 2147483647;
			files = (
			);
			runOnlyForDeploymentPostprocessing = 0;
		};
/* End PBXFrameworksBuildPhase section */

/* Begin PBXGroup section */
		CC2874881C535C810099CAEE = {
			isa = PBXGroup;
			children = (
				CC2874931C535C810099CAEE /* 使用block块完成登陆和注册的回调 */,
				CC2874921C535C810099CAEE /* Products */,
			);
			sourceTree = "<group>";
		};
		CC2874921C535C810099CAEE /* Products */ = {
			isa = PBXGroup;
			children = (
				CC2874911C535C810099CAEE /* 使用block块完成登陆和注册的回调 */,
			);
			name = Products;
			sourceTree = "<group>";
		};
		CC2874931C535C810099CAEE /* 使用block块完成登陆和注册的回调 */ = {
			isa = PBXGroup;
			children = (
				CC2874941C535C810099CAEE /* main.m */,
				CC28749B1C535C950099CAEE /* Login.h */,
				CC28749C1C535C950099CAEE /* Login.m */,
				CC28749E1C535CA30099CAEE /* Register.h */,
				CC28749F1C535CA30099CAEE /* Register.m */,
			);
			path = "使用block块完成登陆和注册的回调";
			sourceTree = "<group>";
		};
/* End PBXGroup section */

/* Begin PBXNativeTarget section */
		CC2874901C535C810099CAEE /* 使用block块完成登陆和注册的回调 */ = {
			isa = PBXNativeTarget;
			buildConfigurationList = CC2874981C535C810099CAEE /* Build configuration list for PBXNativeTarget "使用block块完成登陆和注册的回调" */;
			buildPhases = (
				CC28748D1C535C810099CAEE /* Sources */,
				CC28748E1C535C810099CAEE /* Frameworks */,
				CC28748F1C535C810099CAEE /* CopyFiles */,
			);
			buildRules = (
			);
			dependencies = (
			);
			name = "使用block块完成登陆和注册的回调";
			productName = "使用block块完成登陆和注册的回调";
			productReference = CC2874911C535C810099CAEE /* 使用block块完成登陆和注册的回调 */;
			productType = "com.apple.product-type.tool";
		};
/* End PBXNativeTarget section */

/* Begin PBXProject section */
		CC2874891C535C810099CAEE /* Project object */ = {
			isa = PBXProject;
			attributes = {
				LastUpgradeCheck = 0710;
				ORGANIZATIONNAME = qingyun;
				TargetAttributes = {
					CC2874901C535C810099CAEE = {
						CreatedOnToolsVersion = 7.1;
					};
				};
			};
			buildConfigurationList = CC28748C1C535C810099CAEE /* Build configuration list for PBXProject "使用block块完成登陆和注册的回调" */;
			compatibilityVersion = "Xcode 3.2";
			developmentRegion = English;
			hasScannedForEncodings = 0;
			knownRegions = (
				en,
			);
			mainGroup = CC2874881C535C810099CAEE;
			productRefGroup = CC2874921C535C810099CAEE /* Products */;
			projectDirPath = "";
			projectRoot = "";
			targets = (
				CC2874901C535C810099CAEE /* 使用block块完成登陆和注册的回调 */,
			);
		};
/* End PBXProject section */

/* Begin PBXSourcesBuildPhase section */
		CC28748D1C535C810099CAEE /* Sources */ = {
			isa = PBXSourcesBuildPhase;
			buildActionMask = 2147483647;
			files = (
				CC2874951C535C810099CAEE /* main.m in Sources */,
				CC28749D1C535C950099CAEE /* Login.m in Sources */,
				CC2874A01C535CA30099CAEE /* Register.m in Sources */,
			);
			runOnlyForDeploymentPostprocessing = 0;
		};
/* End PBXSourcesBuildPhase section */

/* Begin XCBuildConfiguration section */
		CC2874961C535C810099CAEE /* Debug */ = {
			isa = XCBuildConfiguration;
			buildSettings = {
				ALWAYS_SEARCH_USER_PATHS = NO;
				CLANG_CXX_LANGUAGE_STANDARD = "gnu++0x";
				CLANG_CXX_LIBRARY = "libc++";
				CLANG_ENABLE_MODULES = YES;
				CLANG_ENABLE_OBJC_ARC = YES;
				CLANG_WARN_BOOL_CONVERSION = YES;
				CLANG_WARN_CONSTANT_CONVERSION = YES;
				CLANG_WARN_DIRECT_OBJC_ISA_USAGE = YES_ERROR;
				CLANG_WARN_EMPTY_BODY = YES;
				CLANG_WARN_ENUM_CONVERSION = YES;
				CLANG_WARN_INT_CONVERSION = YES;
				CLANG_WARN_OBJC_ROOT_CLASS = YES_ERROR;
				CLANG_WARN_UNREACHABLE_CODE = YES;
				CLANG_WARN__DUPLICATE_METHOD_MATCH = YES;
				CODE_SIGN_IDENTITY = "-";
				COPY_PHASE_STRIP = NO;
				DEBUG_INFORMATION_FORMAT = dwarf;
				ENABLE_STRICT_OBJC_MSGSEND = YES;
				ENABLE_TESTABILITY = YES;
				GCC_C_LANGUAGE_STANDARD = gnu99;
				GCC_DYNAMIC_NO_PIC = NO;
				GCC_NO_COMMON_BLOCKS = YES;
				GCC_OPTIMIZATION_LEVEL = 0;
				GCC_PREPROCESSOR_DEFINITIONS = (
					"DEBUG=1",
					"$(inherited)",
				);
				GCC_WARN_64_TO_32_BIT_CONVERSION = YES;
				GCC_WARN_ABOUT_RETURN_TYPE = YES_ERROR;
				GCC_WARN_UNDECLARED_SELECTOR = YES;
				GCC_WARN_UNINITIALIZED_AUTOS = YES_AGGRESSIVE;
				GCC_WARN_UNUSED_FUNCTION = YES;
				GCC_WARN_UNUSED_VARIABLE = YES;
				MACOSX_DEPLOYMENT_TARGET = 10.11;
				MTL_ENABLE_DEBUG_INFO = YES;
				ONLY_ACTIVE_ARCH = YES;
				SDKROOT = macosx;
			};
			name = Debug;
		};
		CC2874971C535C810099CAEE /* Release */ = {
			isa = XCBuildConfiguration;
			buildSettings = {
				ALWAYS_SEARCH_USER_PATHS = NO;
				CLANG_CXX_LANGUAGE_STANDARD = "gnu++0x";
				CLANG_CXX_LIBRARY = "libc++";
				CLANG_ENABLE_MODULES = YES;
				CLANG_ENABLE_OBJC_ARC = YES;
				CLANG_WARN_BOOL_CONVERSION = YES;
				CLANG_WARN_CONSTANT_CONVERSION = YES;
				CLANG_WARN_DIRECT_OBJC_ISA_USAGE = YES_ERROR;
				CLANG_WARN_EMPTY_BODY = YES;
				CLANG_WARN_ENUM_CONVERSION = YES;
				CLANG_WARN_INT_CONVERSION = YES;
				CLANG_WARN_OBJC_ROOT_CLASS = YES_ERROR;
				CLANG_WARN_UNREACHABLE_CODE = YES;
				CLANG_WARN__DUPLICATE_METHOD_MATCH = YES;
				CODE_SIGN_IDENTITY = "-";
				COPY_PHASE_STRIP = NO;
				DEBUG_INFORMATION_FORMAT = "dwarf-with-dsym";
				ENABLE_NS_ASSERTIONS = NO;
				ENABLE_STRICT_OBJC_MSGSEND = YES;
				GCC_C_LANGUAGE_STANDARD = gnu99;
				GCC_NO_COMMON_BLOCKS = YES;
				GCC_WARN_64_TO_32_BIT_CONVERSION = YES;
				GCC_WARN_ABOUT_RETURN_TYPE = YES_ERROR;
				GCC_WARN_UNDECLARED_SELECTOR = YES;
				GCC_WARN_UNINITIALIZED_AUTOS = YES_AGGRESSIVE;
				GCC_WARN_UNUSED_FUNCTION = YES;
				GCC_WARN_UNUSED_VARIABLE = YES;
				MACOSX_DEPLOYMENT_TARGET = 10.11;
				MTL_ENABLE_DEBUG_INFO = NO;
				SDKROOT = macosx;
			};
			name = Release;
		};
		CC2874991C535C810099CAEE /* Debug */ = {
			isa = XCBuildConfiguration;
			buildSettings = {
				PRODUCT_NAME = "$(TARGET_NAME)";
			};
			name = Debug;
		};
		CC28749A1C535C810099CAEE /* Release */ = {
			isa = XCBuildConfiguration;
			buildSettings = {
				PRODUCT_NAME = "$(TARGET_NAME)";
			};
			name = Release;
		};
/* End XCBuildConfiguration section */

/* Begin XCConfigurationList section */
		CC28748C1C535C810099CAEE /* Build configuration list for PBXProject "使用block块完成登陆和注册的回调" */ = {
			isa = XCConfigurationList;
			buildConfigurations = (
				CC2874961C535C810099CAEE /* Debug */,
				CC2874971C535C810099CAEE /* Release */,
			);
			defaultConfigurationIsVisible = 0;
			defaultConfigurationName = Release;
		};
		CC2874981C535C810099CAEE /* Build configuration list for PBXNativeTarget "使用block块完成登陆和注册的回调" */ = {
			isa = XCConfigurationList;
			buildConfigurations = (
				CC2874991C535C810099CAEE /* Debug */,
				CC28749A1C535C810099CAEE /* Release */,
			);
			defaultConfigurationIsVisible = 0;
			defaultConfigurationName = Release;
		};
/* End XCConfigurationList section */
	};
	rootObject = CC2874891C535C810099CAEE /* Project object */;
}
