// !$*UTF8*$!
{
	archiveVersion = 1;
	classes = {
	};
	objectVersion = 46;
	objects = {

/* Begin PBXBuildFile section */
		CC2874AF1C536ECA0099CAEE /* main.m in Sources */ = {isa = PBXBuildFile; fileRef = CC2874AE1C536ECA0099CAEE /* main.m */; };
		CC2874F61C536F2A0099CAEE /* TestClass.m in Sources */ = {isa = PBXBuildFile; fileRef = CC2874F51C536F2A0099CAEE /* TestClass.m */; };
/* End PBXBuildFile section */

/* Begin PBXCopyFilesBuildPhase section */
		CC2874A91C536ECA0099CAEE /* CopyFiles */ = {
			isa = PBXCopyFilesBuildPhase;
			buildActionMask = 2147483647;
			dstPath = /usr/share/man/man1/;
			dstSubfolderSpec = 0;
			files = (
			);
			runOnlyForDeploymentPostprocessing = 1;
		};
/* End PBXCopyFilesBuildPhase section */

/* Begin PBXFileReference section */
		CC2874AB1C536ECA0099CAEE /* block的内存 */ = {isa = PBXFileReference; explicitFileType = "compiled.mach-o.executable"; includeInIndex = 0; path = "block的内存"; sourceTree = BUILT_PRODUCTS_DIR; };
		CC2874AE1C536ECA0099CAEE /* main.m */ = {isa = PBXFileReference; lastKnownFileType = sourcecode.c.objc; path = main.m; sourceTree = "<group>"; };
		CC2874F41C536F2A0099CAEE /* TestClass.h */ = {isa = PBXFileReference; fileEncoding = 4; lastKnownFileType = sourcecode.c.h; path = TestClass.h; sourceTree = "<group>"; };
		CC2874F51C536F2A0099CAEE /* TestClass.m */ = {isa = PBXFileReference; fileEncoding = 4; lastKnownFileType = sourcecode.c.objc; path = TestClass.m; sourceTree = "<group>"; };
/* End PBXFileReference section */

/* Begin PBXFrameworksBuildPhase section */
		CC2874A81C536ECA0099CAEE /* Frameworks */ = {
			isa = PBXFrameworksBuildPhase;
			buildActionMask = 2147483647;
			files = (
			);
			runOnlyForDeploymentPostprocessing = 0;
		};
/* End PBXFrameworksBuildPhase section */

/* Begin PBXGroup section */
		CC2874A21C536ECA0099CAEE = {
			isa = PBXGroup;
			children = (
				CC2874AD1C536ECA0099CAEE /* block的内存 */,
				CC2874AC1C536ECA0099CAEE /* Products */,
			);
			sourceTree = "<group>";
		};
		CC2874AC1C536ECA0099CAEE /* Products */ = {
			isa = PBXGroup;
			children = (
				CC2874AB1C536ECA0099CAEE /* block的内存 */,
			);
			name = Products;
			sourceTree = "<group>";
		};
		CC2874AD1C536ECA0099CAEE /* block的内存 */ = {
			isa = PBXGroup;
			children = (
				CC2874AE1C536ECA0099CAEE /* main.m */,
				CC2874F41C536F2A0099CAEE /* TestClass.h */,
				CC2874F51C536F2A0099CAEE /* TestClass.m */,
			);
			path = "block的内存";
			sourceTree = "<group>";
		};
/* End PBXGroup section */

/* Begin PBXNativeTarget section */
		CC2874AA1C536ECA0099CAEE /* block的内存 */ = {
			isa = PBXNativeTarget;
			buildConfigurationList = CC2874B21C536ECA0099CAEE /* Build configuration list for PBXNativeTarget "block的内存" */;
			buildPhases = (
				CC2874A71C536ECA0099CAEE /* Sources */,
				CC2874A81C536ECA0099CAEE /* Frameworks */,
				CC2874A91C536ECA0099CAEE /* CopyFiles */,
			);
			buildRules = (
			);
			dependencies = (
			);
			name = "block的内存";
			productName = "block的内存";
			productReference = CC2874AB1C536ECA0099CAEE /* block的内存 */;
			productType = "com.apple.product-type.tool";
		};
/* End PBXNativeTarget section */

/* Begin PBXProject section */
		CC2874A31C536ECA0099CAEE /* Project object */ = {
			isa = PBXProject;
			attributes = {
				LastUpgradeCheck = 0710;
				ORGANIZATIONNAME = qingyun;
				TargetAttributes = {
					CC2874AA1C536ECA0099CAEE = {
						CreatedOnToolsVersion = 7.1;
					};
				};
			};
			buildConfigurationList = CC2874A61C536ECA0099CAEE /* Build configuration list for PBXProject "block的内存" */;
			compatibilityVersion = "Xcode 3.2";
			developmentRegion = English;
			hasScannedForEncodings = 0;
			knownRegions = (
				en,
			);
			mainGroup = CC2874A21C536ECA0099CAEE;
			productRefGroup = CC2874AC1C536ECA0099CAEE /* Products */;
			projectDirPath = "";
			projectRoot = "";
			targets = (
				CC2874AA1C536ECA0099CAEE /* block的内存 */,
			);
		};
/* End PBXProject section */

/* Begin PBXSourcesBuildPhase section */
		CC2874A71C536ECA0099CAEE /* Sources */ = {
			isa = PBXSourcesBuildPhase;
			buildActionMask = 2147483647;
			files = (
				CC2874F61C536F2A0099CAEE /* TestClass.m in Sources */,
				CC2874AF1C536ECA0099CAEE /* main.m in Sources */,
			);
			runOnlyForDeploymentPostprocessing = 0;
		};
/* End PBXSourcesBuildPhase section */

/* Begin XCBuildConfiguration section */
		CC2874B01C536ECA0099CAEE /* Debug */ = {
			isa = XCBuildConfiguration;
			buildSettings = {
				ALWAYS_SEARCH_USER_PATHS = NO;
				CLANG_CXX_LANGUAGE_STANDARD = "gnu++0x";
				CLANG_CXX_LIBRARY = "libc++";
				CLANG_ENABLE_MODULES = YES;
				CLANG_ENABLE_OBJC_ARC = YES;
				CLANG_WARN_BOOL_CONVERSION = YES;
				CLANG_WARN_CONSTANT_CONVERSION = YES;
				CLANG_WARN_DIRECT_OBJC_ISA_USAGE = YES_ERROR;
				CLANG_WARN_EMPTY_BODY = YES;
				CLANG_WARN_ENUM_CONVERSION = YES;
				CLANG_WARN_INT_CONVERSION = YES;
				CLANG_WARN_OBJC_ROOT_CLASS = YES_ERROR;
				CLANG_WARN_UNREACHABLE_CODE = YES;
				CLANG_WARN__DUPLICATE_METHOD_MATCH = YES;
				CODE_SIGN_IDENTITY = "-";
				COPY_PHASE_STRIP = NO;
				DEBUG_INFORMATION_FORMAT = dwarf;
				ENABLE_STRICT_OBJC_MSGSEND = YES;
				ENABLE_TESTABILITY = YES;
				GCC_C_LANGUAGE_STANDARD = gnu99;
				GCC_DYNAMIC_NO_PIC = NO;
				GCC_NO_COMMON_BLOCKS = YES;
				GCC_OPTIMIZATION_LEVEL = 0;
				GCC_PREPROCESSOR_DEFINITIONS = (
					"DEBUG=1",
					"$(inherited)",
				);
				GCC_WARN_64_TO_32_BIT_CONVERSION = YES;
				GCC_WARN_ABOUT_RETURN_TYPE = YES_ERROR;
				GCC_WARN_UNDECLARED_SELECTOR = YES;
				GCC_WARN_UNINITIALIZED_AUTOS = YES_AGGRESSIVE;
				GCC_WARN_UNUSED_FUNCTION = YES;
				GCC_WARN_UNUSED_VARIABLE = YES;
				MACOSX_DEPLOYMENT_TARGET = 10.11;
				MTL_ENABLE_DEBUG_INFO = YES;
				ONLY_ACTIVE_ARCH = YES;
				SDKROOT = macosx;
			};
			name = Debug;
		};
		CC2874B11C536ECA0099CAEE /* Release */ = {
			isa = XCBuildConfiguration;
			buildSettings = {
				ALWAYS_SEARCH_USER_PATHS = NO;
				CLANG_CXX_LANGUAGE_STANDARD = "gnu++0x";
				CLANG_CXX_LIBRARY = "libc++";
				CLANG_ENABLE_MODULES = YES;
				CLANG_ENABLE_OBJC_ARC = YES;
				CLANG_WARN_BOOL_CONVERSION = YES;
				CLANG_WARN_CONSTANT_CONVERSION = YES;
				CLANG_WARN_DIRECT_OBJC_ISA_USAGE = YES_ERROR;
				CLANG_WARN_EMPTY_BODY = YES;
				CLANG_WARN_ENUM_CONVERSION = YES;
				CLANG_WARN_INT_CONVERSION = YES;
				CLANG_WARN_OBJC_ROOT_CLASS = YES_ERROR;
				CLANG_WARN_UNREACHABLE_CODE = YES;
				CLANG_WARN__DUPLICATE_METHOD_MATCH = YES;
				CODE_SIGN_IDENTITY = "-";
				COPY_PHASE_STRIP = NO;
				DEBUG_INFORMATION_FORMAT = "dwarf-with-dsym";
				ENABLE_NS_ASSERTIONS = NO;
				ENABLE_STRICT_OBJC_MSGSEND = YES;
				GCC_C_LANGUAGE_STANDARD = gnu99;
				GCC_NO_COMMON_BLOCKS = YES;
				GCC_WARN_64_TO_32_BIT_CONVERSION = YES;
				GCC_WARN_ABOUT_RETURN_TYPE = YES_ERROR;
				GCC_WARN_UNDECLARED_SELECTOR = YES;
				GCC_WARN_UNINITIALIZED_AUTOS = YES_AGGRESSIVE;
				GCC_WARN_UNUSED_FUNCTION = YES;
				GCC_WARN_UNUSED_VARIABLE = YES;
				MACOSX_DEPLOYMENT_TARGET = 10.11;
				MTL_ENABLE_DEBUG_INFO = NO;
				SDKROOT = macosx;
			};
			name = Release;
		};
		CC2874B31C536ECA0099CAEE /* Debug */ = {
			isa = XCBuildConfiguration;
			buildSettings = {
				PRODUCT_NAME = "$(TARGET_NAME)";
			};
			name = Debug;
		};
		CC2874B41C536ECA0099CAEE /* Release */ = {
			isa = XCBuildConfiguration;
			buildSettings = {
				PRODUCT_NAME = "$(TARGET_NAME)";
			};
			name = Release;
		};
/* End XCBuildConfiguration section */

/* Begin XCConfigurationList section */
		CC2874A61C536ECA0099CAEE /* Build configuration list for PBXProject "block的内存" */ = {
			isa = XCConfigurationList;
			buildConfigurations = (
				CC2874B01C536ECA0099CAEE /* Debug */,
				CC2874B11C536ECA0099CAEE /* Release */,
			);
			defaultConfigurationIsVisible = 0;
			defaultConfigurationName = Release;
		};
		CC2874B21C536ECA0099CAEE /* Build configuration list for PBXNativeTarget "block的内存" */ = {
			isa = XCConfigurationList;
			buildConfigurations = (
				CC2874B31C536ECA0099CAEE /* Debug */,
				CC2874B41C536ECA0099CAEE /* Release */,
			);
			defaultConfigurationIsVisible = 0;
		};
/* End XCConfigurationList section */
	};
	rootObject = CC2874A31C536ECA0099CAEE /* Project object */;
}
